
Microsoft Visual Studio Solution File, Format Version 12.00
# Visual Studio Version 16
VisualStudioVersion = 16.0.29728.190
MinimumVisualStudioVersion = 10.0.40219.1
Project("{FAE04EC0-301F-11D3-BF4B-00C04F79EFBC}") = "Web", "Web\Web.csproj", "{90BE0A1F-D813-4329-A1DE-F1B8667BCED2}"
EndProject
Project("{2150E333-8FDC-42A3-9474-1A3956D46DE8}") = "Solutions Items", "Solutions Items", "{D4027AAC-811E-42C1-8DE2-095AE290D16C}"
	ProjectSection(SolutionItems) = preProject
		..\.gitignore = ..\.gitignore
		..\manifest.yml = ..\manifest.yml
		..\README.md = ..\README.md
	EndProjectSection
EndProject
Global
	GlobalSection(SolutionConfigurationPlatforms) = preSolution
		Debug|Any CPU = Debug|Any CPU
		Release|Any CPU = Release|Any CPU
	EndGlobalSection
	GlobalSection(ProjectConfigurationPlatforms) = postSolution
		{90BE0A1F-D813-4329-A1DE-F1B8667BCED2}.Debug|Any CPU.ActiveCfg = Debug|Any CPU
		{90BE0A1F-D813-4329-A1DE-F1B8667BCED2}.Debug|Any CPU.Build.0 = Debug|Any CPU
		{90BE0A1F-D813-4329-A1DE-F1B8667BCED2}.Release|Any CPU.ActiveCfg = Release|Any CPU
		{90BE0A1F-D813-4329-A1DE-F1B8667BCED2}.Release|Any CPU.Build.0 = Release|Any CPU
	EndGlobalSection
	GlobalSection(SolutionProperties) = preSolution
		HideSolutionNode = FALSE
	EndGlobalSection
	GlobalSection(ExtensibilityGlobals) = postSolution
		SolutionGuid = {1F9D91A8-07DF-4948-A6B8-0E6F8C19A9F1}
	EndGlobalSection
EndGlobal
